// !$*UTF8*$!
{
	archiveVersion = 1;
	classes = {
	};
	objectVersion = 46;
	objects = {

/* Begin PBXBuildFile section */
		1E3022A11554BE6600576E4B /* 62-contrast.png in Resources */ = {isa = PBXBuildFile; fileRef = 1E30229F1554BE6600576E4B /* 62-contrast.png */; };
		1E3022A21554BE6600576E4B /* 62-contrast@2x.png in Resources */ = {isa = PBXBuildFile; fileRef = 1E3022A01554BE6600576E4B /* 62-contrast@2x.png */; };
		1EA746E7155280C100128FF0 /* Background.png in Resources */ = {isa = PBXBuildFile; fileRef = 1EA746DD155280C100128FF0 /* Background.png */; };
		1EA746E8155280C100128FF0 /* Background@2x.png in Resources */ = {isa = PBXBuildFile; fileRef = 1EA746DE155280C100128FF0 /* Background@2x.png */; };
		1EA746E9155280C100128FF0 /* Button.png in Resources */ = {isa = PBXBuildFile; fileRef = 1EA746DF155280C100128FF0 /* Button.png */; };
		1EA746EA155280C100128FF0 /* Button@2x.png in Resources */ = {isa = PBXBuildFile; fileRef = 1EA746E0155280C100128FF0 /* Button@2x.png */; };
		1EA746EB155280C100128FF0 /* DarkerButton.png in Resources */ = {isa = PBXBuildFile; fileRef = 1EA746E1155280C100128FF0 /* DarkerButton.png */; };
		1EA746EC155280C100128FF0 /* DarkerButton@2x.png in Resources */ = {isa = PBXBuildFile; fileRef = 1EA746E2155280C100128FF0 /* DarkerButton@2x.png */; };
		1EA746ED155280C100128FF0 /* LeftButton.png in Resources */ = {isa = PBXBuildFile; fileRef = 1EA746E3155280C100128FF0 /* LeftButton.png */; };
		1EA746EE155280C100128FF0 /* LeftButton@2x.png in Resources */ = {isa = PBXBuildFile; fileRef = 1EA746E4155280C100128FF0 /* LeftButton@2x.png */; };
		1EA746EF155280C100128FF0 /* RightButton.png in Resources */ = {isa = PBXBuildFile; fileRef = 1EA746E5155280C100128FF0 /* RightButton.png */; };
		1EA746F0155280C100128FF0 /* RightButton@2x.png in Resources */ = {isa = PBXBuildFile; fileRef = 1EA746E6155280C100128FF0 /* RightButton@2x.png */; };
		1EA746F215529E5D00128FF0 /* AudioToolbox.framework in Frameworks */ = {isa = PBXBuildFile; fileRef = 1EA746F115529E5D00128FF0 /* AudioToolbox.framework */; };
		1EA746FD1552AA4D00128FF0 /* click.wav in Resources */ = {isa = PBXBuildFile; fileRef = 1EA746FC1552AA4D00128FF0 /* click.wav */; };
		1EBC34E5154793DD0003EAC3 /* UIKit.framework in Frameworks */ = {isa = PBXBuildFile; fileRef = 1EBC34E4154793DD0003EAC3 /* UIKit.framework */; };
		1EBC34E7154793DD0003EAC3 /* Foundation.framework in Frameworks */ = {isa = PBXBuildFile; fileRef = 1EBC34E6154793DD0003EAC3 /* Foundation.framework */; };
		1EBC34E9154793DD0003EAC3 /* CoreGraphics.framework in Frameworks */ = {isa = PBXBuildFile; fileRef = 1EBC34E8154793DD0003EAC3 /* CoreGraphics.framework */; };
		1EBC34EF154793DD0003EAC3 /* InfoPlist.strings in Resources */ = {isa = PBXBuildFile; fileRef = 1EBC34ED154793DD0003EAC3 /* InfoPlist.strings */; };
		1EBC34F1154793DD0003EAC3 /* main.m in Sources */ = {isa = PBXBuildFile; fileRef = 1EBC34F0154793DD0003EAC3 /* main.m */; };
		1EBC34F5154793DE0003EAC3 /* AppDelegate.m in Sources */ = {isa = PBXBuildFile; fileRef = 1EBC34F4154793DE0003EAC3 /* AppDelegate.m */; };
		1EBC34F8154793DE0003EAC3 /* MainStoryboard.storyboard in Resources */ = {isa = PBXBuildFile; fileRef = 1EBC34F6154793DE0003EAC3 /* MainStoryboard.storyboard */; };
		1EBC34FB154793DE0003EAC3 /* ViewController.m in Sources */ = {isa = PBXBuildFile; fileRef = 1EBC34FA154793DE0003EAC3 /* ViewController.m */; };
		1EBC3503154794980003EAC3 /* MYCircularSlider.m in Sources */ = {isa = PBXBuildFile; fileRef = 1EBC3502154794980003EAC3 /* MYCircularSlider.m */; };
		1EBC350A154900EC0003EAC3 /* QuartzCore.framework in Frameworks */ = {isa = PBXBuildFile; fileRef = 1EBC3509154900EC0003EAC3 /* QuartzCore.framework */; };
		1EBC3510154BB45F0003EAC3 /* sms-received.wav in Resources */ = {isa = PBXBuildFile; fileRef = 1EBC350F154BB45F0003EAC3 /* sms-received.wav */; };
		1EFA132315539A8B000230FB /* 17-bar-chart.png in Resources */ = {isa = PBXBuildFile; fileRef = 1EFA132115539A8B000230FB /* 17-bar-chart.png */; };
		1EFA132415539A8B000230FB /* 17-bar-chart@2x.png in Resources */ = {isa = PBXBuildFile; fileRef = 1EFA132215539A8B000230FB /* 17-bar-chart@2x.png */; };
		1EFA132715539B03000230FB /* 19-gear.png in Resources */ = {isa = PBXBuildFile; fileRef = 1EFA132515539B03000230FB /* 19-gear.png */; };
		1EFA132815539B03000230FB /* 19-gear@2x.png in Resources */ = {isa = PBXBuildFile; fileRef = 1EFA132615539B03000230FB /* 19-gear@2x.png */; };
		1EFA132B15539B91000230FB /* 85-trophy.png in Resources */ = {isa = PBXBuildFile; fileRef = 1EFA132915539B91000230FB /* 85-trophy.png */; };
		1EFA132C15539B91000230FB /* 85-trophy@2x.png in Resources */ = {isa = PBXBuildFile; fileRef = 1EFA132A15539B91000230FB /* 85-trophy@2x.png */; };
		1EFA13341553B0E8000230FB /* play.png in Resources */ = {isa = PBXBuildFile; fileRef = 1EFA13301553B0E8000230FB /* play.png */; };
		1EFA13351553B0E8000230FB /* play@2x.png in Resources */ = {isa = PBXBuildFile; fileRef = 1EFA13311553B0E8000230FB /* play@2x.png */; };
		1EFA13361553B0E8000230FB /* pause.png in Resources */ = {isa = PBXBuildFile; fileRef = 1EFA13321553B0E8000230FB /* pause.png */; };
		1EFA13371553B0E8000230FB /* pause@2x.png in Resources */ = {isa = PBXBuildFile; fileRef = 1EFA13331553B0E8000230FB /* pause@2x.png */; };
/* End PBXBuildFile section */

/* Begin PBXFileReference section */
		1E30229F1554BE6600576E4B /* 62-contrast.png */ = {isa = PBXFileReference; lastKnownFileType = image.png; path = "62-contrast.png"; sourceTree = "<group>"; };
		1E3022A01554BE6600576E4B /* 62-contrast@2x.png */ = {isa = PBXFileReference; lastKnownFileType = image.png; path = "62-contrast@2x.png"; sourceTree = "<group>"; };
		1EA746DD155280C100128FF0 /* Background.png */ = {isa = PBXFileReference; lastKnownFileType = image.png; path = Background.png; sourceTree = "<group>"; };
		1EA746DE155280C100128FF0 /* Background@2x.png */ = {isa = PBXFileReference; lastKnownFileType = image.png; path = "Background@2x.png"; sourceTree = "<group>"; };
		1EA746DF155280C100128FF0 /* Button.png */ = {isa = PBXFileReference; lastKnownFileType = image.png; path = Button.png; sourceTree = "<group>"; };
		1EA746E0155280C100128FF0 /* Button@2x.png */ = {isa = PBXFileReference; lastKnownFileType = image.png; path = "Button@2x.png"; sourceTree = "<group>"; };
		1EA746E1155280C100128FF0 /* DarkerButton.png */ = {isa = PBXFileReference; lastKnownFileType = image.png; path = DarkerButton.png; sourceTree = "<group>"; };
		1EA746E2155280C100128FF0 /* DarkerButton@2x.png */ = {isa = PBXFileReference; lastKnownFileType = image.png; path = "DarkerButton@2x.png"; sourceTree = "<group>"; };
		1EA746E3155280C100128FF0 /* LeftButton.png */ = {isa = PBXFileReference; lastKnownFileType = image.png; path = LeftButton.png; sourceTree = "<group>"; };
		1EA746E4155280C100128FF0 /* LeftButton@2x.png */ = {isa = PBXFileReference; lastKnownFileType = image.png; path = "LeftButton@2x.png"; sourceTree = "<group>"; };
		1EA746E5155280C100128FF0 /* RightButton.png */ = {isa = PBXFileReference; lastKnownFileType = image.png; path = RightButton.png; sourceTree = "<group>"; };
		1EA746E6155280C100128FF0 /* RightButton@2x.png */ = {isa = PBXFileReference; lastKnownFileType = image.png; path = "RightButton@2x.png"; sourceTree = "<group>"; };
		1EA746F115529E5D00128FF0 /* AudioToolbox.framework */ = {isa = PBXFileReference; lastKnownFileType = wrapper.framework; name = AudioToolbox.framework; path = System/Library/Frameworks/AudioToolbox.framework; sourceTree = SDKROOT; };
		1EA746FC1552AA4D00128FF0 /* click.wav */ = {isa = PBXFileReference; lastKnownFileType = audio.wav; path = click.wav; sourceTree = "<group>"; };
		1EBC34E0154793DD0003EAC3 /* MYCircularSlider.app */ = {isa = PBXFileReference; explicitFileType = wrapper.application; includeInIndex = 0; path = MYCircularSlider.app; sourceTree = BUILT_PRODUCTS_DIR; };
		1EBC34E4154793DD0003EAC3 /* UIKit.framework */ = {isa = PBXFileReference; lastKnownFileType = wrapper.framework; name = UIKit.framework; path = System/Library/Frameworks/UIKit.framework; sourceTree = SDKROOT; };
		1EBC34E6154793DD0003EAC3 /* Foundation.framework */ = {isa = PBXFileReference; lastKnownFileType = wrapper.framework; name = Foundation.framework; path = System/Library/Frameworks/Foundation.framework; sourceTree = SDKROOT; };
		1EBC34E8154793DD0003EAC3 /* CoreGraphics.framework */ = {isa = PBXFileReference; lastKnownFileType = wrapper.framework; name = CoreGraphics.framework; path = System/Library/Frameworks/CoreGraphics.framework; sourceTree = SDKROOT; };
		1EBC34EC154793DD0003EAC3 /* MYCircularSlider-Info.plist */ = {isa = PBXFileReference; lastKnownFileType = text.plist.xml; path = "MYCircularSlider-Info.plist"; sourceTree = "<group>"; };
		1EBC34EE154793DD0003EAC3 /* en */ = {isa = PBXFileReference; lastKnownFileType = text.plist.strings; name = en; path = en.lproj/InfoPlist.strings; sourceTree = "<group>"; };
		1EBC34F0154793DD0003EAC3 /* main.m */ = {isa = PBXFileReference; lastKnownFileType = sourcecode.c.objc; path = main.m; sourceTree = "<group>"; };
		1EBC34F2154793DD0003EAC3 /* MYCircularSlider-Prefix.pch */ = {isa = PBXFileReference; lastKnownFileType = sourcecode.c.h; path = "MYCircularSlider-Prefix.pch"; sourceTree = "<group>"; };
		1EBC34F3154793DD0003EAC3 /* AppDelegate.h */ = {isa = PBXFileReference; lastKnownFileType = sourcecode.c.h; path = AppDelegate.h; sourceTree = "<group>"; };
		1EBC34F4154793DE0003EAC3 /* AppDelegate.m */ = {isa = PBXFileReference; lastKnownFileType = sourcecode.c.objc; path = AppDelegate.m; sourceTree = "<group>"; };
		1EBC34F7154793DE0003EAC3 /* en */ = {isa = PBXFileReference; lastKnownFileType = file.storyboard; name = en; path = en.lproj/MainStoryboard.storyboard; sourceTree = "<group>"; };
		1EBC34F9154793DE0003EAC3 /* ViewController.h */ = {isa = PBXFileReference; lastKnownFileType = sourcecode.c.h; path = ViewController.h; sourceTree = "<group>"; };
		1EBC34FA154793DE0003EAC3 /* ViewController.m */ = {isa = PBXFileReference; lastKnownFileType = sourcecode.c.objc; path = ViewController.m; sourceTree = "<group>"; };
		1EBC3501154794980003EAC3 /* MYCircularSlider.h */ = {isa = PBXFileReference; fileEncoding = 4; lastKnownFileType = sourcecode.c.h; path = MYCircularSlider.h; sourceTree = "<group>"; };
		1EBC3502154794980003EAC3 /* MYCircularSlider.m */ = {isa = PBXFileReference; fileEncoding = 4; lastKnownFileType = sourcecode.c.objc; path = MYCircularSlider.m; sourceTree = "<group>"; };
		1EBC3509154900EC0003EAC3 /* QuartzCore.framework */ = {isa = PBXFileReference; lastKnownFileType = wrapper.framework; name = QuartzCore.framework; path = System/Library/Frameworks/QuartzCore.framework; sourceTree = SDKROOT; };
		1EBC350F154BB45F0003EAC3 /* sms-received.wav */ = {isa = PBXFileReference; lastKnownFileType = audio.wav; path = "sms-received.wav"; sourceTree = "<group>"; };
		1EFA132115539A8B000230FB /* 17-bar-chart.png */ = {isa = PBXFileReference; lastKnownFileType = image.png; path = "17-bar-chart.png"; sourceTree = "<group>"; };
		1EFA132215539A8B000230FB /* 17-bar-chart@2x.png */ = {isa = PBXFileReference; lastKnownFileType = image.png; path = "17-bar-chart@2x.png"; sourceTree = "<group>"; };
		1EFA132515539B03000230FB /* 19-gear.png */ = {isa = PBXFileReference; lastKnownFileType = image.png; path = "19-gear.png"; sourceTree = "<group>"; };
		1EFA132615539B03000230FB /* 19-gear@2x.png */ = {isa = PBXFileReference; lastKnownFileType = image.png; path = "19-gear@2x.png"; sourceTree = "<group>"; };
		1EFA132915539B91000230FB /* 85-trophy.png */ = {isa = PBXFileReference; lastKnownFileType = image.png; path = "85-trophy.png"; sourceTree = "<group>"; };
		1EFA132A15539B91000230FB /* 85-trophy@2x.png */ = {isa = PBXFileReference; lastKnownFileType = image.png; path = "85-trophy@2x.png"; sourceTree = "<group>"; };
		1EFA13301553B0E8000230FB /* play.png */ = {isa = PBXFileReference; lastKnownFileType = image.png; path = play.png; sourceTree = "<group>"; };
		1EFA13311553B0E8000230FB /* play@2x.png */ = {isa = PBXFileReference; lastKnownFileType = image.png; path = "play@2x.png"; sourceTree = "<group>"; };
		1EFA13321553B0E8000230FB /* pause.png */ = {isa = PBXFileReference; lastKnownFileType = image.png; path = pause.png; sourceTree = "<group>"; };
		1EFA13331553B0E8000230FB /* pause@2x.png */ = {isa = PBXFileReference; lastKnownFileType = image.png; path = "pause@2x.png"; sourceTree = "<group>"; };
/* End PBXFileReference section */

/* Begin PBXFrameworksBuildPhase section */
		1EBC34DD154793DD0003EAC3 /* Frameworks */ = {
			isa = PBXFrameworksBuildPhase;
			buildActionMask = 2147483647;
			files = (
				1EA746F215529E5D00128FF0 /* AudioToolbox.framework in Frameworks */,
				1EBC350A154900EC0003EAC3 /* QuartzCore.framework in Frameworks */,
				1EBC34E5154793DD0003EAC3 /* UIKit.framework in Frameworks */,
				1EBC34E7154793DD0003EAC3 /* Foundation.framework in Frameworks */,
				1EBC34E9154793DD0003EAC3 /* CoreGraphics.framework in Frameworks */,
			);
			runOnlyForDeploymentPostprocessing = 0;
		};
/* End PBXFrameworksBuildPhase section */

/* Begin PBXGroup section */
		1EBC34D5154793DD0003EAC3 = {
			isa = PBXGroup;
			children = (
				1EBC34EA154793DD0003EAC3 /* MYCircularSlider */,
				1EBC34E3154793DD0003EAC3 /* Frameworks */,
				1EBC34E1154793DD0003EAC3 /* Products */,
			);
			sourceTree = "<group>";
		};
		1EBC34E1154793DD0003EAC3 /* Products */ = {
			isa = PBXGroup;
			children = (
				1EBC34E0154793DD0003EAC3 /* MYCircularSlider.app */,
			);
			name = Products;
			sourceTree = "<group>";
		};
		1EBC34E3154793DD0003EAC3 /* Frameworks */ = {
			isa = PBXGroup;
			children = (
				1EA746F115529E5D00128FF0 /* AudioToolbox.framework */,
				1EBC3509154900EC0003EAC3 /* QuartzCore.framework */,
				1EBC34E4154793DD0003EAC3 /* UIKit.framework */,
				1EBC34E6154793DD0003EAC3 /* Foundation.framework */,
				1EBC34E8154793DD0003EAC3 /* CoreGraphics.framework */,
			);
			name = Frameworks;
			sourceTree = "<group>";
		};
		1EBC34EA154793DD0003EAC3 /* MYCircularSlider */ = {
			isa = PBXGroup;
			children = (
				1EBC34F3154793DD0003EAC3 /* AppDelegate.h */,
				1EBC34F4154793DE0003EAC3 /* AppDelegate.m */,
				1EBC34F6154793DE0003EAC3 /* MainStoryboard.storyboard */,
				1EBC34F9154793DE0003EAC3 /* ViewController.h */,
				1EBC34FA154793DE0003EAC3 /* ViewController.m */,
				1EBC3501154794980003EAC3 /* MYCircularSlider.h */,
				1EBC3502154794980003EAC3 /* MYCircularSlider.m */,
				1EBC34EB154793DD0003EAC3 /* Supporting Files */,
			);
			path = MYCircularSlider;
			sourceTree = "<group>";
		};
		1EBC34EB154793DD0003EAC3 /* Supporting Files */ = {
			isa = PBXGroup;
			children = (
				1EFA13301553B0E8000230FB /* play.png */,
				1EFA13311553B0E8000230FB /* play@2x.png */,
				1EFA13321553B0E8000230FB /* pause.png */,
				1E30229F1554BE6600576E4B /* 62-contrast.png */,
				1E3022A01554BE6600576E4B /* 62-contrast@2x.png */,
				1EFA13331553B0E8000230FB /* pause@2x.png */,
				1EFA132915539B91000230FB /* 85-trophy.png */,
				1EFA132A15539B91000230FB /* 85-trophy@2x.png */,
				1EFA132115539A8B000230FB /* 17-bar-chart.png */,
				1EFA132215539A8B000230FB /* 17-bar-chart@2x.png */,
				1EFA132515539B03000230FB /* 19-gear.png */,
				1EFA132615539B03000230FB /* 19-gear@2x.png */,
				1EA746FC1552AA4D00128FF0 /* click.wav */,
				1EBC350F154BB45F0003EAC3 /* sms-received.wav */,
				1EA746DD155280C100128FF0 /* Background.png */,
				1EA746DE155280C100128FF0 /* Background@2x.png */,
				1EA746DF155280C100128FF0 /* Button.png */,
				1EA746E0155280C100128FF0 /* Button@2x.png */,
				1EA746E1155280C100128FF0 /* DarkerButton.png */,
				1EA746E2155280C100128FF0 /* DarkerButton@2x.png */,
				1EA746E3155280C100128FF0 /* LeftButton.png */,
				1EA746E4155280C100128FF0 /* LeftButton@2x.png */,
				1EA746E5155280C100128FF0 /* RightButton.png */,
				1EA746E6155280C100128FF0 /* RightButton@2x.png */,
				1EBC34EC154793DD0003EAC3 /* MYCircularSlider-Info.plist */,
				1EBC34ED154793DD0003EAC3 /* InfoPlist.strings */,
				1EBC34F0154793DD0003EAC3 /* main.m */,
				1EBC34F2154793DD0003EAC3 /* MYCircularSlider-Prefix.pch */,
			);
			name = "Supporting Files";
			sourceTree = "<group>";
		};
/* End PBXGroup section */

/* Begin PBXNativeTarget section */
		1EBC34DF154793DD0003EAC3 /* MYCircularSlider */ = {
			isa = PBXNativeTarget;
			buildConfigurationList = 1EBC34FE154793DE0003EAC3 /* Build configuration list for PBXNativeTarget "MYCircularSlider" */;
			buildPhases = (
				1EBC34DC154793DD0003EAC3 /* Sources */,
				1EBC34DD154793DD0003EAC3 /* Frameworks */,
				1EBC34DE154793DD0003EAC3 /* Resources */,
			);
			buildRules = (
			);
			dependencies = (
			);
			name = MYCircularSlider;
			productName = MYCircularSlider;
			productReference = 1EBC34E0154793DD0003EAC3 /* MYCircularSlider.app */;
			productType = "com.apple.product-type.application";
		};
/* End PBXNativeTarget section */

/* Begin PBXProject section */
		1EBC34D7154793DD0003EAC3 /* Project object */ = {
			isa = PBXProject;
			attributes = {
				LastUpgradeCheck = 0430;
			};
			buildConfigurationList = 1EBC34DA154793DD0003EAC3 /* Build configuration list for PBXProject "MYCircularSlider" */;
			compatibilityVersion = "Xcode 3.2";
			developmentRegion = English;
			hasScannedForEncodings = 0;
			knownRegions = (
				en,
			);
			mainGroup = 1EBC34D5154793DD0003EAC3;
			productRefGroup = 1EBC34E1154793DD0003EAC3 /* Products */;
			projectDirPath = "";
			projectRoot = "";
			targets = (
				1EBC34DF154793DD0003EAC3 /* MYCircularSlider */,
			);
		};
/* End PBXProject section */

/* Begin PBXResourcesBuildPhase section */
		1EBC34DE154793DD0003EAC3 /* Resources */ = {
			isa = PBXResourcesBuildPhase;
			buildActionMask = 2147483647;
			files = (
				1EBC34EF154793DD0003EAC3 /* InfoPlist.strings in Resources */,
				1EBC34F8154793DE0003EAC3 /* MainStoryboard.storyboard in Resources */,
				1EBC3510154BB45F0003EAC3 /* sms-received.wav in Resources */,
				1EA746E7155280C100128FF0 /* Background.png in Resources */,
				1EA746E8155280C100128FF0 /* Background@2x.png in Resources */,
				1EA746E9155280C100128FF0 /* Button.png in Resources */,
				1EA746EA155280C100128FF0 /* Button@2x.png in Resources */,
				1EA746EB155280C100128FF0 /* DarkerButton.png in Resources */,
				1EA746EC155280C100128FF0 /* DarkerButton@2x.png in Resources */,
				1EA746ED155280C100128FF0 /* LeftButton.png in Resources */,
				1EA746EE155280C100128FF0 /* LeftButton@2x.png in Resources */,
				1EA746EF155280C100128FF0 /* RightButton.png in Resources */,
				1EA746F0155280C100128FF0 /* RightButton@2x.png in Resources */,
				1EA746FD1552AA4D00128FF0 /* click.wav in Resources */,
				1EFA132315539A8B000230FB /* 17-bar-chart.png in Resources */,
				1EFA132415539A8B000230FB /* 17-bar-chart@2x.png in Resources */,
				1EFA132715539B03000230FB /* 19-gear.png in Resources */,
				1EFA132815539B03000230FB /* 19-gear@2x.png in Resources */,
				1EFA132B15539B91000230FB /* 85-trophy.png in Resources */,
				1EFA132C15539B91000230FB /* 85-trophy@2x.png in Resources */,
				1EFA13341553B0E8000230FB /* play.png in Resources */,
				1EFA13351553B0E8000230FB /* play@2x.png in Resources */,
				1EFA13361553B0E8000230FB /* pause.png in Resources */,
				1EFA13371553B0E8000230FB /* pause@2x.png in Resources */,
				1E3022A11554BE6600576E4B /* 62-contrast.png in Resources */,
				1E3022A21554BE6600576E4B /* 62-contrast@2x.png in Resources */,
			);
			runOnlyForDeploymentPostprocessing = 0;
		};
/* End PBXResourcesBuildPhase section */

/* Begin PBXSourcesBuildPhase section */
		1EBC34DC154793DD0003EAC3 /* Sources */ = {
			isa = PBXSourcesBuildPhase;
			buildActionMask = 2147483647;
			files = (
				1EBC34F1154793DD0003EAC3 /* main.m in Sources */,
				1EBC34F5154793DE0003EAC3 /* AppDelegate.m in Sources */,
				1EBC34FB154793DE0003EAC3 /* ViewController.m in Sources */,
				1EBC3503154794980003EAC3 /* MYCircularSlider.m in Sources */,
			);
			runOnlyForDeploymentPostprocessing = 0;
		};
/* End PBXSourcesBuildPhase section */

/* Begin PBXVariantGroup section */
		1EBC34ED154793DD0003EAC3 /* InfoPlist.strings */ = {
			isa = PBXVariantGroup;
			children = (
				1EBC34EE154793DD0003EAC3 /* en */,
			);
			name = InfoPlist.strings;
			sourceTree = "<group>";
		};
		1EBC34F6154793DE0003EAC3 /* MainStoryboard.storyboard */ = {
			isa = PBXVariantGroup;
			children = (
				1EBC34F7154793DE0003EAC3 /* en */,
			);
			name = MainStoryboard.storyboard;
			sourceTree = "<group>";
		};
/* End PBXVariantGroup section */

/* Begin XCBuildConfiguration section */
		1EBC34FC154793DE0003EAC3 /* Debug */ = {
			isa = XCBuildConfiguration;
			buildSettings = {
				ALWAYS_SEARCH_USER_PATHS = NO;
				ARCHS = "$(ARCHS_STANDARD_32_BIT)";
				CLANG_ENABLE_OBJC_ARC = YES;
				"CODE_SIGN_IDENTITY[sdk=iphoneos*]" = "iPhone Developer";
				COPY_PHASE_STRIP = NO;
				GCC_C_LANGUAGE_STANDARD = gnu99;
				GCC_DYNAMIC_NO_PIC = NO;
				GCC_OPTIMIZATION_LEVEL = 0;
				GCC_PREPROCESSOR_DEFINITIONS = (
					"DEBUG=1",
					"$(inherited)",
				);
				GCC_SYMBOLS_PRIVATE_EXTERN = NO;
				GCC_VERSION = com.apple.compilers.llvm.clang.1_0;
				GCC_WARN_ABOUT_RETURN_TYPE = YES;
				GCC_WARN_UNINITIALIZED_AUTOS = YES;
				GCC_WARN_UNUSED_VARIABLE = YES;
				IPHONEOS_DEPLOYMENT_TARGET = 5.1;
				SDKROOT = iphoneos;
			};
			name = Debug;
		};
		1EBC34FD154793DE0003EAC3 /* Release */ = {
			isa = XCBuildConfiguration;
			buildSettings = {
				ALWAYS_SEARCH_USER_PATHS = NO;
				ARCHS = "$(ARCHS_STANDARD_32_BIT)";
				CLANG_ENABLE_OBJC_ARC = YES;
				"CODE_SIGN_IDENTITY[sdk=iphoneos*]" = "iPhone Developer";
				COPY_PHASE_STRIP = YES;
				GCC_C_LANGUAGE_STANDARD = gnu99;
				GCC_VERSION = com.apple.compilers.llvm.clang.1_0;
				GCC_WARN_ABOUT_RETURN_TYPE = YES;
				GCC_WARN_UNINITIALIZED_AUTOS = YES;
				GCC_WARN_UNUSED_VARIABLE = YES;
				IPHONEOS_DEPLOYMENT_TARGET = 5.1;
				OTHER_CFLAGS = "-DNS_BLOCK_ASSERTIONS=1";
				SDKROOT = iphoneos;
				VALIDATE_PRODUCT = YES;
			};
			name = Release;
		};
		1EBC34FF154793DE0003EAC3 /* Debug */ = {
			isa = XCBuildConfiguration;
			buildSettings = {
				CODE_SIGN_IDENTITY = "iPhone Developer";
				GCC_PRECOMPILE_PREFIX_HEADER = YES;
				GCC_PREFIX_HEADER = "MYCircularSlider/MYCircularSlider-Prefix.pch";
				INFOPLIST_FILE = "MYCircularSlider/MYCircularSlider-Info.plist";
				PRODUCT_NAME = "$(TARGET_NAME)";
				PROVISIONING_PROFILE = "";
				WRAPPER_EXTENSION = app;
			};
			name = Debug;
		};
		1EBC3500154793DE0003EAC3 /* Release */ = {
			isa = XCBuildConfiguration;
			buildSettings = {
				CODE_SIGN_IDENTITY = "iPhone Developer";
				GCC_PRECOMPILE_PREFIX_HEADER = YES;
				GCC_PREFIX_HEADER = "MYCircularSlider/MYCircularSlider-Prefix.pch";
				INFOPLIST_FILE = "MYCircularSlider/MYCircularSlider-Info.plist";
				PRODUCT_NAME = "$(TARGET_NAME)";
				PROVISIONING_PROFILE = "";
				WRAPPER_EXTENSION = app;
			};
			name = Release;
		};
/* End XCBuildConfiguration section */

/* Begin XCConfigurationList section */
		1EBC34DA154793DD0003EAC3 /* Build configuration list for PBXProject "MYCircularSlider" */ = {
			isa = XCConfigurationList;
			buildConfigurations = (
				1EBC34FC154793DE0003EAC3 /* Debug */,
				1EBC34FD154793DE0003EAC3 /* Release */,
			);
			defaultConfigurationIsVisible = 0;
			defaultConfigurationName = Release;
		};
		1EBC34FE154793DE0003EAC3 /* Build configuration list for PBXNativeTarget "MYCircularSlider" */ = {
			isa = XCConfigurationList;
			buildConfigurations = (
				1EBC34FF154793DE0003EAC3 /* Debug */,
				1EBC3500154793DE0003EAC3 /* Release */,
			);
			defaultConfigurationIsVisible = 0;
			defaultConfigurationName = Release;
		};
/* End XCConfigurationList section */
	};
	rootObject = 1EBC34D7154793DD0003EAC3 /* Project object */;
}
